// !$*UTF8*$!
{
	archiveVersion = 1;
	classes = {
	};
	objectVersion = 50;
	objects = {

/* Begin PBXBuildFile section */
		F277DB2B25945F1A005F9D5A /* AppDelegate.swift in Sources */ = {isa = PBXBuildFile; fileRef = F277DB2A25945F1A005F9D5A /* AppDelegate.swift */; };
		F277DB2D25945F1A005F9D5A /* art.scnassets in Resources */ = {isa = PBXBuildFile; fileRef = F277DB2C25945F1A005F9D5A /* art.scnassets */; };
		F277DB2F25945F1A005F9D5A /* ViewController.swift in Sources */ = {isa = PBXBuildFile; fileRef = F277DB2E25945F1A005F9D5A /* ViewController.swift */; };
		F277DB3225945F1A005F9D5A /* Main.storyboard in Resources */ = {isa = PBXBuildFile; fileRef = F277DB3025945F1A005F9D5A /* Main.storyboard */; };
		F277DB3425945F1B005F9D5A /* Assets.xcassets in Resources */ = {isa = PBXBuildFile; fileRef = F277DB3325945F1B005F9D5A /* Assets.xcassets */; };
		F277DB3725945F1B005F9D5A /* LaunchScreen.storyboard in Resources */ = {isa = PBXBuildFile; fileRef = F277DB3525945F1B005F9D5A /* LaunchScreen.storyboard */; };
/* End PBXBuildFile section */

/* Begin PBXFileReference section */
		F277DB2725945F1A005F9D5A /* ForARKit.app */ = {isa = PBXFileReference; explicitFileType = wrapper.application; includeInIndex = 0; path = ForARKit.app; sourceTree = BUILT_PRODUCTS_DIR; };
		F277DB2A25945F1A005F9D5A /* AppDelegate.swift */ = {isa = PBXFileReference; lastKnownFileType = sourcecode.swift; path = AppDelegate.swift; sourceTree = "<group>"; };
		F277DB2C25945F1A005F9D5A /* art.scnassets */ = {isa = PBXFileReference; lastKnownFileType = wrapper.scnassets; path = art.scnassets; sourceTree = "<group>"; };
		F277DB2E25945F1A005F9D5A /* ViewController.swift */ = {isa = PBXFileReference; lastKnownFileType = sourcecode.swift; path = ViewController.swift; sourceTree = "<group>"; };
		F277DB3125945F1A005F9D5A /* Base */ = {isa = PBXFileReference; lastKnownFileType = file.storyboard; name = Base; path = Base.lproj/Main.storyboard; sourceTree = "<group>"; };
		F277DB3325945F1B005F9D5A /* Assets.xcassets */ = {isa = PBXFileReference; lastKnownFileType = folder.assetcatalog; path = Assets.xcassets; sourceTree = "<group>"; };
		F277DB3625945F1B005F9D5A /* Base */ = {isa = PBXFileReference; lastKnownFileType = file.storyboard; name = Base; path = Base.lproj/LaunchScreen.storyboard; sourceTree = "<group>"; };
		F277DB3825945F1B005F9D5A /* Info.plist */ = {isa = PBXFileReference; lastKnownFileType = text.plist.xml; path = Info.plist; sourceTree = "<group>"; };
/* End PBXFileReference section */

/* Begin PBXFrameworksBuildPhase section */
		F277DB2425945F1A005F9D5A /* Frameworks */ = {
			isa = PBXFrameworksBuildPhase;
			buildActionMask = 2147483647;
			files = (
			);
			runOnlyForDeploymentPostprocessing = 0;
		};
/* End PBXFrameworksBuildPhase section */

/* Begin PBXGroup section */
		F277DB1E25945F1A005F9D5A = {
			isa = PBXGroup;
			children = (
				F277DB2925945F1A005F9D5A /* ForARKit */,
				F277DB2825945F1A005F9D5A /* Products */,
			);
			sourceTree = "<group>";
		};
		F277DB2825945F1A005F9D5A /* Products */ = {
			isa = PBXGroup;
			children = (
				F277DB2725945F1A005F9D5A /* ForARKit.app */,
			);
			name = Products;
			sourceTree = "<group>";
		};
		F277DB2925945F1A005F9D5A /* ForARKit */ = {
			isa = PBXGroup;
			children = (
				F277DB2A25945F1A005F9D5A /* AppDelegate.swift */,
				F277DB2C25945F1A005F9D5A /* art.scnassets */,
				F277DB2E25945F1A005F9D5A /* ViewController.swift */,
				F277DB3025945F1A005F9D5A /* Main.storyboard */,
				F277DB3325945F1B005F9D5A /* Assets.xcassets */,
				F277DB3525945F1B005F9D5A /* LaunchScreen.storyboard */,
				F277DB3825945F1B005F9D5A /* Info.plist */,
			);
			path = ForARKit;
			sourceTree = "<group>";
		};
/* End PBXGroup section */

/* Begin PBXNativeTarget section */
		F277DB2625945F1A005F9D5A /* ForARKit */ = {
			isa = PBXNativeTarget;
			buildConfigurationList = F277DB3B25945F1B005F9D5A /* Build configuration list for PBXNativeTarget "ForARKit" */;
			buildPhases = (
				F277DB2325945F1A005F9D5A /* Sources */,
				F277DB2425945F1A005F9D5A /* Frameworks */,
				F277DB2525945F1A005F9D5A /* Resources */,
			);
			buildRules = (
			);
			dependencies = (
			);
			name = ForARKit;
			productName = ForARKit;
			productReference = F277DB2725945F1A005F9D5A /* ForARKit.app */;
			productType = "com.apple.product-type.application";
		};
/* End PBXNativeTarget section */

/* Begin PBXProject section */
		F277DB1F25945F1A005F9D5A /* Project object */ = {
			isa = PBXProject;
			attributes = {
				LastSwiftUpdateCheck = 1230;
				LastUpgradeCheck = 1230;
				TargetAttributes = {
					F277DB2625945F1A005F9D5A = {
						CreatedOnToolsVersion = 12.3;
					};
				};
			};
			buildConfigurationList = F277DB2225945F1A005F9D5A /* Build configuration list for PBXProject "ForARKit" */;
			compatibilityVersion = "Xcode 9.3";
			developmentRegion = en;
			hasScannedForEncodings = 0;
			knownRegions = (
				en,
				Base,
			);
			mainGroup = F277DB1E25945F1A005F9D5A;
			productRefGroup = F277DB2825945F1A005F9D5A /* Products */;
			projectDirPath = "";
			projectRoot = "";
			targets = (
				F277DB2625945F1A005F9D5A /* ForARKit */,
			);
		};
/* End PBXProject section */

/* Begin PBXResourcesBuildPhase section */
		F277DB2525945F1A005F9D5A /* Resources */ = {
			isa = PBXResourcesBuildPhase;
			buildActionMask = 2147483647;
			files = (
				F277DB2D25945F1A005F9D5A /* art.scnassets in Resources */,
				F277DB3725945F1B005F9D5A /* LaunchScreen.storyboard in Resources */,
				F277DB3425945F1B005F9D5A /* Assets.xcassets in Resources */,
				F277DB3225945F1A005F9D5A /* Main.storyboard in Resources */,
			);
			runOnlyForDeploymentPostprocessing = 0;
		};
/* End PBXResourcesBuildPhase section */

/* Begin PBXSourcesBuildPhase section */
		F277DB2325945F1A005F9D5A /* Sources */ = {
			isa = PBXSourcesBuildPhase;
			buildActionMask = 2147483647;
			files = (
				F277DB2F25945F1A005F9D5A /* ViewController.swift in Sources */,
				F277DB2B25945F1A005F9D5A /* AppDelegate.swift in Sources */,
			);
			runOnlyForDeploymentPostprocessing = 0;
		};
/* End PBXSourcesBuildPhase section */

/* Begin PBXVariantGroup section */
		F277DB3025945F1A005F9D5A /* Main.storyboard */ = {
			isa = PBXVariantGroup;
			children = (
				F277DB3125945F1A005F9D5A /* Base */,
			);
			name = Main.storyboard;
			sourceTree = "<group>";
		};
		F277DB3525945F1B005F9D5A /* LaunchScreen.storyboard */ = {
			isa = PBXVariantGroup;
			children = (
				F277DB3625945F1B005F9D5A /* Base */,
			);
			name = LaunchScreen.storyboard;
			sourceTree = "<group>";
		};
/* End PBXVariantGroup section */

/* Begin XCBuildConfiguration section */
		F277DB3925945F1B005F9D5A /* Debug */ = {
			isa = XCBuildConfiguration;
			buildSettings = {
				ALWAYS_SEARCH_USER_PATHS = NO;
				CLANG_ANALYZER_NONNULL = YES;
				CLANG_ANALYZER_NUMBER_OBJECT_CONVERSION = YES_AGGRESSIVE;
				CLANG_CXX_LANGUAGE_STANDARD = "gnu++14";
				CLANG_CXX_LIBRARY = "libc++";
				CLANG_ENABLE_MODULES = YES;
				CLANG_ENABLE_OBJC_ARC = YES;
				CLANG_ENABLE_OBJC_WEAK = YES;
				CLANG_WARN_BLOCK_CAPTURE_AUTORELEASING = YES;
				CLANG_WARN_BOOL_CONVERSION = YES;
				CLANG_WARN_COMMA = YES;
				CLANG_WARN_CONSTANT_CONVERSION = YES;
				CLANG_WARN_DEPRECATED_OBJC_IMPLEMENTATIONS = YES;
				CLANG_WARN_DIRECT_OBJC_ISA_USAGE = YES_ERROR;
				CLANG_WARN_DOCUMENTATION_COMMENTS = YES;
				CLANG_WARN_EMPTY_BODY = YES;
				CLANG_WARN_ENUM_CONVERSION = YES;
				CLANG_WARN_INFINITE_RECURSION = YES;
				CLANG_WARN_INT_CONVERSION = YES;
				CLANG_WARN_NON_LITERAL_NULL_CONVERSION = YES;
				CLANG_WARN_OBJC_IMPLICIT_RETAIN_SELF = YES;
				CLANG_WARN_OBJC_LITERAL_CONVERSION = YES;
				CLANG_WARN_OBJC_ROOT_CLASS = YES_ERROR;
				CLANG_WARN_QUOTED_INCLUDE_IN_FRAMEWORK_HEADER = YES;
				CLANG_WARN_RANGE_LOOP_ANALYSIS = YES;
				CLANG_WARN_STRICT_PROTOTYPES = YES;
				CLANG_WARN_SUSPICIOUS_MOVE = YES;
				CLANG_WARN_UNGUARDED_AVAILABILITY = YES_AGGRESSIVE;
				CLANG_WARN_UNREACHABLE_CODE = YES;
				CLANG_WARN__DUPLICATE_METHOD_MATCH = YES;
				COPY_PHASE_STRIP = NO;
				DEBUG_INFORMATION_FORMAT = dwarf;
				ENABLE_STRICT_OBJC_MSGSEND = YES;
				ENABLE_TESTABILITY = YES;
				GCC_C_LANGUAGE_STANDARD = gnu11;
				GCC_DYNAMIC_NO_PIC = NO;
				GCC_NO_COMMON_BLOCKS = YES;
				GCC_OPTIMIZATION_LEVEL = 0;
				GCC_PREPROCESSOR_DEFINITIONS = (
					"DEBUG=1",
					"$(inherited)",
				);
				GCC_WARN_64_TO_32_BIT_CONVERSION = YES;
				GCC_WARN_ABOUT_RETURN_TYPE = YES_ERROR;
				GCC_WARN_UNDECLARED_SELECTOR = YES;
				GCC_WARN_UNINITIALIZED_AUTOS = YES_AGGRESSIVE;
				GCC_WARN_UNUSED_FUNCTION = YES;
				GCC_WARN_UNUSED_VARIABLE = YES;
				IPHONEOS_DEPLOYMENT_TARGET = 14.3;
				MTL_ENABLE_DEBUG_INFO = INCLUDE_SOURCE;
				MTL_FAST_MATH = YES;
				ONLY_ACTIVE_ARCH = YES;
				SDKROOT = iphoneos;
				SWIFT_ACTIVE_COMPILATION_CONDITIONS = DEBUG;
				SWIFT_OPTIMIZATION_LEVEL = "-Onone";
			};
			name = Debug;
		};
		F277DB3A25945F1B005F9D5A /* Release */ = {
			isa = XCBuildConfiguration;
			buildSettings = {
				ALWAYS_SEARCH_USER_PATHS = NO;
				CLANG_ANALYZER_NONNULL = YES;
				CLANG_ANALYZER_NUMBER_OBJECT_CONVERSION = YES_AGGRESSIVE;
				CLANG_CXX_LANGUAGE_STANDARD = "gnu++14";
				CLANG_CXX_LIBRARY = "libc++";
				CLANG_ENABLE_MODULES = YES;
				CLANG_ENABLE_OBJC_ARC = YES;
				CLANG_ENABLE_OBJC_WEAK = YES;
				CLANG_WARN_BLOCK_CAPTURE_AUTORELEASING = YES;
				CLANG_WARN_BOOL_CONVERSION = YES;
				CLANG_WARN_COMMA = YES;
				CLANG_WARN_CONSTANT_CONVERSION = YES;
				CLANG_WARN_DEPRECATED_OBJC_IMPLEMENTATIONS = YES;
				CLANG_WARN_DIRECT_OBJC_ISA_USAGE = YES_ERROR;
				CLANG_WARN_DOCUMENTATION_COMMENTS = YES;
				CLANG_WARN_EMPTY_BODY = YES;
				CLANG_WARN_ENUM_CONVERSION = YES;
				CLANG_WARN_INFINITE_RECURSION = YES;
				CLANG_WARN_INT_CONVERSION = YES;
				CLANG_WARN_NON_LITERAL_NULL_CONVERSION = YES;
				CLANG_WARN_OBJC_IMPLICIT_RETAIN_SELF = YES;
				CLANG_WARN_OBJC_LITERAL_CONVERSION = YES;
				CLANG_WARN_OBJC_ROOT_CLASS = YES_ERROR;
				CLANG_WARN_QUOTED_INCLUDE_IN_FRAMEWORK_HEADER = YES;
				CLANG_WARN_RANGE_LOOP_ANALYSIS = YES;
				CLANG_WARN_STRICT_PROTOTYPES = YES;
				CLANG_WARN_SUSPICIOUS_MOVE = YES;
				CLANG_WARN_UNGUARDED_AVAILABILITY = YES_AGGRESSIVE;
				CLANG_WARN_UNREACHABLE_CODE = YES;
				CLANG_WARN__DUPLICATE_METHOD_MATCH = YES;
				COPY_PHASE_STRIP = NO;
				DEBUG_INFORMATION_FORMAT = "dwarf-with-dsym";
				ENABLE_NS_ASSERTIONS = NO;
				ENABLE_STRICT_OBJC_MSGSEND = YES;
				GCC_C_LANGUAGE_STANDARD = gnu11;
				GCC_NO_COMMON_BLOCKS = YES;
				GCC_WARN_64_TO_32_BIT_CONVERSION = YES;
				GCC_WARN_ABOUT_RETURN_TYPE = YES_ERROR;
				GCC_WARN_UNDECLARED_SELECTOR = YES;
				GCC_WARN_UNINITIALIZED_AUTOS = YES_AGGRESSIVE;
				GCC_WARN_UNUSED_FUNCTION = YES;
				GCC_WARN_UNUSED_VARIABLE = YES;
				IPHONEOS_DEPLOYMENT_TARGET = 14.3;
				MTL_ENABLE_DEBUG_INFO = NO;
				MTL_FAST_MATH = YES;
				SDKROOT = iphoneos;
				SWIFT_COMPILATION_MODE = wholemodule;
				SWIFT_OPTIMIZATION_LEVEL = "-O";
				VALIDATE_PRODUCT = YES;
			};
			name = Release;
		};
		F277DB3C25945F1B005F9D5A /* Debug */ = {
			isa = XCBuildConfiguration;
			buildSettings = {
				ASSETCATALOG_COMPILER_APPICON_NAME = AppIcon;
				ASSETCATALOG_COMPILER_GLOBAL_ACCENT_COLOR_NAME = AccentColor;
				CODE_SIGN_STYLE = Automatic;
				DEVELOPMENT_TEAM = 7GVZPRCFHJ;
				INFOPLIST_FILE = ForARKit/Info.plist;
				LD_RUNPATH_SEARCH_PATHS = (
					"$(inherited)",
					"@executable_path/Frameworks",
				);
				PRODUCT_BUNDLE_IDENTIFIER = "John-Li.ForARKit";
				PRODUCT_NAME = "$(TARGET_NAME)";
				SWIFT_VERSION = 5.0;
				TARGETED_DEVICE_FAMILY = "1,2";
			};
			name = Debug;
		};
		F277DB3D25945F1B005F9D5A /* Release */ = {
			isa = XCBuildConfiguration;
			buildSettings = {
				ASSETCATALOG_COMPILER_APPICON_NAME = AppIcon;
				ASSETCATALOG_COMPILER_GLOBAL_ACCENT_COLOR_NAME = AccentColor;
				CODE_SIGN_STYLE = Automatic;
				DEVELOPMENT_TEAM = 7GVZPRCFHJ;
				INFOPLIST_FILE = ForARKit/Info.plist;
				LD_RUNPATH_SEARCH_PATHS = (
					"$(inherited)",
					"@executable_path/Frameworks",
				);
				PRODUCT_BUNDLE_IDENTIFIER = "John-Li.ForARKit";
				PRODUCT_NAME = "$(TARGET_NAME)";
				SWIFT_VERSION = 5.0;
				TARGETED_DEVICE_FAMILY = "1,2";
			};
			name = Release;
		};
/* End XCBuildConfiguration section */

/* Begin XCConfigurationList section */
		F277DB2225945F1A005F9D5A /* Build configuration list for PBXProject "ForARKit" */ = {
			isa = XCConfigurationList;
			buildConfigurations = (
				F277DB3925945F1B005F9D5A /* Debug */,
				F277DB3A25945F1B005F9D5A /* Release */,
			);
			defaultConfigurationIsVisible = 0;
			defaultConfigurationName = Release;
		};
		F277DB3B25945F1B005F9D5A /* Build configuration list for PBXNativeTarget "ForARKit" */ = {
			isa = XCConfigurationList;
			buildConfigurations = (
				F277DB3C25945F1B005F9D5A /* Debug */,
				F277DB3D25945F1B005F9D5A /* Release */,
			);
			defaultConfigurationIsVisible = 0;
			defaultConfigurationName = Release;
		};
/* End XCConfigurationList section */
	};
	rootObject = F277DB1F25945F1A005F9D5A /* Project object */;
}
